{
  "name": "serial-uart",
  "version": "1.0.0",
  "lockfileVersion": 1,
  "requires": true,
  "dependencies": {
    "vue-xlsx": {
      "version": "0.2.1",
      "resolved": "https://registry.npmjs.org/vue-xlsx/-/vue-xlsx-0.2.1.tgz",
      "integrity": "sha512-j7uVNl1E1ZUpOaEYhQFw2NiXIP1ktlq25XPEdAOdUUnXhz8HjNsLnmgcqWs48aehnoDRGj6cmcOsJZ9L4NS3Dw=="
    }
  }
}
